
Microsoft Visual Studio Solution File, Format Version 12.00
# Visual Studio Version 17
VisualStudioVersion = 17.2.32616.157
MinimumVisualStudioVersion = 10.0.40219.1
Project("{FAE04EC0-301F-11D3-BF4B-00C04F79EFBC}") = "PollyResilienceLibExamples", "PollyResilienceLibExamples\PollyResilienceLibExamples.csproj", "{4EDA5F1E-7225-41C4-B8A9-3C0462ED5C3D}"
EndProject
Global
	GlobalSection(SolutionConfigurationPlatforms) = preSolution
		Debug|Any CPU = Debug|Any CPU
		Release|Any CPU = Release|Any CPU
	EndGlobalSection
	GlobalSection(ProjectConfigurationPlatforms) = postSolution
		{4EDA5F1E-7225-41C4-B8A9-3C0462ED5C3D}.Debug|Any CPU.ActiveCfg = Debug|Any CPU
		{4EDA5F1E-7225-41C4-B8A9-3C0462ED5C3D}.Debug|Any CPU.Build.0 = Debug|Any CPU
		{4EDA5F1E-7225-41C4-B8A9-3C0462ED5C3D}.Release|Any CPU.ActiveCfg = Release|Any CPU
		{4EDA5F1E-7225-41C4-B8A9-3C0462ED5C3D}.Release|Any CPU.Build.0 = Release|Any CPU
	EndGlobalSection
	GlobalSection(SolutionProperties) = preSolution
		HideSolutionNode = FALSE
	EndGlobalSection
	GlobalSection(ExtensibilityGlobals) = postSolution
		SolutionGuid = {BDB2A1D6-0ED2-438B-BB4D-7633EEBF514F}
	EndGlobalSection
EndGlobal
